// !$*UTF8*$!
{
	archiveVersion = 1;
	classes = {
	};
	objectVersion = 50;
	objects = {

/* Begin PBXBuildFile section */
		0484985F283EA2C700E95685 /* ocado_challengeApp.swift in Sources */ = {isa = PBXBuildFile; fileRef = 0484985E283EA2C700E95685 /* ocado_challengeApp.swift */; };
		04849861283EA2C700E95685 /* productListView.swift in Sources */ = {isa = PBXBuildFile; fileRef = 04849860283EA2C700E95685 /* productListView.swift */; };
		04849863283EA2D400E95685 /* Assets.xcassets in Resources */ = {isa = PBXBuildFile; fileRef = 04849862283EA2D400E95685 /* Assets.xcassets */; };
		04849866283EA2D400E95685 /* Preview Assets.xcassets in Resources */ = {isa = PBXBuildFile; fileRef = 04849865283EA2D400E95685 /* Preview Assets.xcassets */; };
		04849871283EA2D400E95685 /* ocado_challengeTests.swift in Sources */ = {isa = PBXBuildFile; fileRef = 04849870283EA2D400E95685 /* ocado_challengeTests.swift */; };
		0484987C283EA2D400E95685 /* ocado_challengeUITests.swift in Sources */ = {isa = PBXBuildFile; fileRef = 0484987B283EA2D400E95685 /* ocado_challengeUITests.swift */; };
		04849890283EA3C600E95685 /* ProductListViewModel.swift in Sources */ = {isa = PBXBuildFile; fileRef = 0484988F283EA3C600E95685 /* ProductListViewModel.swift */; };
		04849895283EA4F500E95685 /* ProductListModel.swift in Sources */ = {isa = PBXBuildFile; fileRef = 04849894283EA4F500E95685 /* ProductListModel.swift */; };
		04A783BC283F933400CBCEFC /* ProductDetailModel.swift in Sources */ = {isa = PBXBuildFile; fileRef = 04A783BB283F933400CBCEFC /* ProductDetailModel.swift */; };
		04A783C1283F968F00CBCEFC /* ProductDetailViewModel.swift in Sources */ = {isa = PBXBuildFile; fileRef = 04A783C0283F968F00CBCEFC /* ProductDetailViewModel.swift */; };
		04A783C6283F97CC00CBCEFC /* ProductDetailView.swift in Sources */ = {isa = PBXBuildFile; fileRef = 04A783C5283F97CC00CBCEFC /* ProductDetailView.swift */; };
		04F582E22840E2EE00373428 /* ImagesViewModel.swift in Sources */ = {isa = PBXBuildFile; fileRef = 04F582E12840E2EE00373428 /* ImagesViewModel.swift */; };
/* End PBXBuildFile section */

/* Begin PBXContainerItemProxy section */
		0484986D283EA2D400E95685 /* PBXContainerItemProxy */ = {
			isa = PBXContainerItemProxy;
			containerPortal = 04849853283EA2C700E95685 /* Project object */;
			proxyType = 1;
			remoteGlobalIDString = 0484985A283EA2C700E95685;
			remoteInfo = ocado_challenge;
		};
		04849878283EA2D400E95685 /* PBXContainerItemProxy */ = {
			isa = PBXContainerItemProxy;
			containerPortal = 04849853283EA2C700E95685 /* Project object */;
			proxyType = 1;
			remoteGlobalIDString = 0484985A283EA2C700E95685;
			remoteInfo = ocado_challenge;
		};
/* End PBXContainerItemProxy section */

/* Begin PBXFileReference section */
		0484985B283EA2C700E95685 /* ocado_challenge.app */ = {isa = PBXFileReference; explicitFileType = wrapper.application; includeInIndex = 0; path = ocado_challenge.app; sourceTree = BUILT_PRODUCTS_DIR; };
		0484985E283EA2C700E95685 /* ocado_challengeApp.swift */ = {isa = PBXFileReference; lastKnownFileType = sourcecode.swift; path = ocado_challengeApp.swift; sourceTree = "<group>"; };
		04849860283EA2C700E95685 /* productListView.swift */ = {isa = PBXFileReference; lastKnownFileType = sourcecode.swift; path = productListView.swift; sourceTree = "<group>"; };
		04849862283EA2D400E95685 /* Assets.xcassets */ = {isa = PBXFileReference; lastKnownFileType = folder.assetcatalog; path = Assets.xcassets; sourceTree = "<group>"; };
		04849865283EA2D400E95685 /* Preview Assets.xcassets */ = {isa = PBXFileReference; lastKnownFileType = folder.assetcatalog; path = "Preview Assets.xcassets"; sourceTree = "<group>"; };
		04849867283EA2D400E95685 /* Info.plist */ = {isa = PBXFileReference; lastKnownFileType = text.plist.xml; path = Info.plist; sourceTree = "<group>"; };
		0484986C283EA2D400E95685 /* ocado_challengeTests.xctest */ = {isa = PBXFileReference; explicitFileType = wrapper.cfbundle; includeInIndex = 0; path = ocado_challengeTests.xctest; sourceTree = BUILT_PRODUCTS_DIR; };
		04849870283EA2D400E95685 /* ocado_challengeTests.swift */ = {isa = PBXFileReference; lastKnownFileType = sourcecode.swift; path = ocado_challengeTests.swift; sourceTree = "<group>"; };
		04849872283EA2D400E95685 /* Info.plist */ = {isa = PBXFileReference; lastKnownFileType = text.plist.xml; path = Info.plist; sourceTree = "<group>"; };
		04849877283EA2D400E95685 /* ocado_challengeUITests.xctest */ = {isa = PBXFileReference; explicitFileType = wrapper.cfbundle; includeInIndex = 0; path = ocado_challengeUITests.xctest; sourceTree = BUILT_PRODUCTS_DIR; };
		0484987B283EA2D400E95685 /* ocado_challengeUITests.swift */ = {isa = PBXFileReference; lastKnownFileType = sourcecode.swift; path = ocado_challengeUITests.swift; sourceTree = "<group>"; };
		0484987D283EA2D400E95685 /* Info.plist */ = {isa = PBXFileReference; lastKnownFileType = text.plist.xml; path = Info.plist; sourceTree = "<group>"; };
		0484988F283EA3C600E95685 /* ProductListViewModel.swift */ = {isa = PBXFileReference; lastKnownFileType = sourcecode.swift; path = ProductListViewModel.swift; sourceTree = "<group>"; };
		04849894283EA4F500E95685 /* ProductListModel.swift */ = {isa = PBXFileReference; lastKnownFileType = sourcecode.swift; path = ProductListModel.swift; sourceTree = "<group>"; };
		04A783BB283F933400CBCEFC /* ProductDetailModel.swift */ = {isa = PBXFileReference; lastKnownFileType = sourcecode.swift; path = ProductDetailModel.swift; sourceTree = "<group>"; };
		04A783C0283F968F00CBCEFC /* ProductDetailViewModel.swift */ = {isa = PBXFileReference; lastKnownFileType = sourcecode.swift; path = ProductDetailViewModel.swift; sourceTree = "<group>"; };
		04A783C5283F97CC00CBCEFC /* ProductDetailView.swift */ = {isa = PBXFileReference; lastKnownFileType = sourcecode.swift; path = ProductDetailView.swift; sourceTree = "<group>"; };
		04F582E12840E2EE00373428 /* ImagesViewModel.swift */ = {isa = PBXFileReference; lastKnownFileType = sourcecode.swift; path = ImagesViewModel.swift; sourceTree = "<group>"; };
/* End PBXFileReference section */

/* Begin PBXFrameworksBuildPhase section */
		04849858283EA2C700E95685 /* Frameworks */ = {
			isa = PBXFrameworksBuildPhase;
			buildActionMask = 2147483647;
			files = (
			);
			runOnlyForDeploymentPostprocessing = 0;
		};
		04849869283EA2D400E95685 /* Frameworks */ = {
			isa = PBXFrameworksBuildPhase;
			buildActionMask = 2147483647;
			files = (
			);
			runOnlyForDeploymentPostprocessing = 0;
		};
		04849874283EA2D400E95685 /* Frameworks */ = {
			isa = PBXFrameworksBuildPhase;
			buildActionMask = 2147483647;
			files = (
			);
			runOnlyForDeploymentPostprocessing = 0;
		};
/* End PBXFrameworksBuildPhase section */

/* Begin PBXGroup section */
		04849852283EA2C700E95685 = {
			isa = PBXGroup;
			children = (
				0484985D283EA2C700E95685 /* ocado_challenge */,
				0484986F283EA2D400E95685 /* ocado_challengeTests */,
				0484987A283EA2D400E95685 /* ocado_challengeUITests */,
				0484985C283EA2C700E95685 /* Products */,
			);
			sourceTree = "<group>";
		};
		0484985C283EA2C700E95685 /* Products */ = {
			isa = PBXGroup;
			children = (
				0484985B283EA2C700E95685 /* ocado_challenge.app */,
				0484986C283EA2D400E95685 /* ocado_challengeTests.xctest */,
				04849877283EA2D400E95685 /* ocado_challengeUITests.xctest */,
			);
			name = Products;
			sourceTree = "<group>";
		};
		0484985D283EA2C700E95685 /* ocado_challenge */ = {
			isa = PBXGroup;
			children = (
				0484985E283EA2C700E95685 /* ocado_challengeApp.swift */,
				04A783BA283F931700CBCEFC /* ProductDetail */,
				04F582E02840E2BA00373428 /* Utils */,
				04A783B9283F930300CBCEFC /* ProductList */,
				04849862283EA2D400E95685 /* Assets.xcassets */,
				04849867283EA2D400E95685 /* Info.plist */,
				04849864283EA2D400E95685 /* Preview Content */,
			);
			path = ocado_challenge;
			sourceTree = "<group>";
		};
		04849864283EA2D400E95685 /* Preview Content */ = {
			isa = PBXGroup;
			children = (
				04849865283EA2D400E95685 /* Preview Assets.xcassets */,
			);
			path = "Preview Content";
			sourceTree = "<group>";
		};
		0484986F283EA2D400E95685 /* ocado_challengeTests */ = {
			isa = PBXGroup;
			children = (
				04849870283EA2D400E95685 /* ocado_challengeTests.swift */,
				04849872283EA2D400E95685 /* Info.plist */,
			);
			path = ocado_challengeTests;
			sourceTree = "<group>";
		};
		0484987A283EA2D400E95685 /* ocado_challengeUITests */ = {
			isa = PBXGroup;
			children = (
				0484987B283EA2D400E95685 /* ocado_challengeUITests.swift */,
				0484987D283EA2D400E95685 /* Info.plist */,
			);
			path = ocado_challengeUITests;
			sourceTree = "<group>";
		};
		04A783B9283F930300CBCEFC /* ProductList */ = {
			isa = PBXGroup;
			children = (
				04849860283EA2C700E95685 /* productListView.swift */,
				0484988F283EA3C600E95685 /* ProductListViewModel.swift */,
				04849894283EA4F500E95685 /* ProductListModel.swift */,
			);
			path = ProductList;
			sourceTree = "<group>";
		};
		04A783BA283F931700CBCEFC /* ProductDetail */ = {
			isa = PBXGroup;
			children = (
				04A783BB283F933400CBCEFC /* ProductDetailModel.swift */,
				04A783C0283F968F00CBCEFC /* ProductDetailViewModel.swift */,
				04A783C5283F97CC00CBCEFC /* ProductDetailView.swift */,
			);
			path = ProductDetail;
			sourceTree = "<group>";
		};
		04F582E02840E2BA00373428 /* Utils */ = {
			isa = PBXGroup;
			children = (
				04F582E12840E2EE00373428 /* ImagesViewModel.swift */,
			);
			path = Utils;
			sourceTree = "<group>";
		};
/* End PBXGroup section */

/* Begin PBXNativeTarget section */
		0484985A283EA2C700E95685 /* ocado_challenge */ = {
			isa = PBXNativeTarget;
			buildConfigurationList = 04849880283EA2D400E95685 /* Build configuration list for PBXNativeTarget "ocado_challenge" */;
			buildPhases = (
				04849857283EA2C700E95685 /* Sources */,
				04849858283EA2C700E95685 /* Frameworks */,
				04849859283EA2C700E95685 /* Resources */,
			);
			buildRules = (
			);
			dependencies = (
			);
			name = ocado_challenge;
			productName = ocado_challenge;
			productReference = 0484985B283EA2C700E95685 /* ocado_challenge.app */;
			productType = "com.apple.product-type.application";
		};
		0484986B283EA2D400E95685 /* ocado_challengeTests */ = {
			isa = PBXNativeTarget;
			buildConfigurationList = 04849883283EA2D400E95685 /* Build configuration list for PBXNativeTarget "ocado_challengeTests" */;
			buildPhases = (
				04849868283EA2D400E95685 /* Sources */,
				04849869283EA2D400E95685 /* Frameworks */,
				0484986A283EA2D400E95685 /* Resources */,
			);
			buildRules = (
			);
			dependencies = (
				0484986E283EA2D400E95685 /* PBXTargetDependency */,
			);
			name = ocado_challengeTests;
			productName = ocado_challengeTests;
			productReference = 0484986C283EA2D400E95685 /* ocado_challengeTests.xctest */;
			productType = "com.apple.product-type.bundle.unit-test";
		};
		04849876283EA2D400E95685 /* ocado_challengeUITests */ = {
			isa = PBXNativeTarget;
			buildConfigurationList = 04849886283EA2D400E95685 /* Build configuration list for PBXNativeTarget "ocado_challengeUITests" */;
			buildPhases = (
				04849873283EA2D400E95685 /* Sources */,
				04849874283EA2D400E95685 /* Frameworks */,
				04849875283EA2D400E95685 /* Resources */,
			);
			buildRules = (
			);
			dependencies = (
				04849879283EA2D400E95685 /* PBXTargetDependency */,
			);
			name = ocado_challengeUITests;
			productName = ocado_challengeUITests;
			productReference = 04849877283EA2D400E95685 /* ocado_challengeUITests.xctest */;
			productType = "com.apple.product-type.bundle.ui-testing";
		};
/* End PBXNativeTarget section */

/* Begin PBXProject section */
		04849853283EA2C700E95685 /* Project object */ = {
			isa = PBXProject;
			attributes = {
				LastSwiftUpdateCheck = 1230;
				LastUpgradeCheck = 1230;
				TargetAttributes = {
					0484985A283EA2C700E95685 = {
						CreatedOnToolsVersion = 12.3;
					};
					0484986B283EA2D400E95685 = {
						CreatedOnToolsVersion = 12.3;
						TestTargetID = 0484985A283EA2C700E95685;
					};
					04849876283EA2D400E95685 = {
						CreatedOnToolsVersion = 12.3;
						TestTargetID = 0484985A283EA2C700E95685;
					};
				};
			};
			buildConfigurationList = 04849856283EA2C700E95685 /* Build configuration list for PBXProject "ocado_challenge" */;
			compatibilityVersion = "Xcode 9.3";
			developmentRegion = en;
			hasScannedForEncodings = 0;
			knownRegions = (
				en,
				Base,
			);
			mainGroup = 04849852283EA2C700E95685;
			productRefGroup = 0484985C283EA2C700E95685 /* Products */;
			projectDirPath = "";
			projectRoot = "";
			targets = (
				0484985A283EA2C700E95685 /* ocado_challenge */,
				0484986B283EA2D400E95685 /* ocado_challengeTests */,
				04849876283EA2D400E95685 /* ocado_challengeUITests */,
			);
		};
/* End PBXProject section */

/* Begin PBXResourcesBuildPhase section */
		04849859283EA2C700E95685 /* Resources */ = {
			isa = PBXResourcesBuildPhase;
			buildActionMask = 2147483647;
			files = (
				04849866283EA2D400E95685 /* Preview Assets.xcassets in Resources */,
				04849863283EA2D400E95685 /* Assets.xcassets in Resources */,
			);
			runOnlyForDeploymentPostprocessing = 0;
		};
		0484986A283EA2D400E95685 /* Resources */ = {
			isa = PBXResourcesBuildPhase;
			buildActionMask = 2147483647;
			files = (
			);
			runOnlyForDeploymentPostprocessing = 0;
		};
		04849875283EA2D400E95685 /* Resources */ = {
			isa = PBXResourcesBuildPhase;
			buildActionMask = 2147483647;
			files = (
			);
			runOnlyForDeploymentPostprocessing = 0;
		};
/* End PBXResourcesBuildPhase section */

/* Begin PBXSourcesBuildPhase section */
		04849857283EA2C700E95685 /* Sources */ = {
			isa = PBXSourcesBuildPhase;
			buildActionMask = 2147483647;
			files = (
				04A783BC283F933400CBCEFC /* ProductDetailModel.swift in Sources */,
				04A783C6283F97CC00CBCEFC /* ProductDetailView.swift in Sources */,
				04F582E22840E2EE00373428 /* ImagesViewModel.swift in Sources */,
				04849861283EA2C700E95685 /* productListView.swift in Sources */,
				0484985F283EA2C700E95685 /* ocado_challengeApp.swift in Sources */,
				04849890283EA3C600E95685 /* ProductListViewModel.swift in Sources */,
				04849895283EA4F500E95685 /* ProductListModel.swift in Sources */,
				04A783C1283F968F00CBCEFC /* ProductDetailViewModel.swift in Sources */,
			);
			runOnlyForDeploymentPostprocessing = 0;
		};
		04849868283EA2D400E95685 /* Sources */ = {
			isa = PBXSourcesBuildPhase;
			buildActionMask = 2147483647;
			files = (
				04849871283EA2D400E95685 /* ocado_challengeTests.swift in Sources */,
			);
			runOnlyForDeploymentPostprocessing = 0;
		};
		04849873283EA2D400E95685 /* Sources */ = {
			isa = PBXSourcesBuildPhase;
			buildActionMask = 2147483647;
			files = (
				0484987C283EA2D400E95685 /* ocado_challengeUITests.swift in Sources */,
			);
			runOnlyForDeploymentPostprocessing = 0;
		};
/* End PBXSourcesBuildPhase section */

/* Begin PBXTargetDependency section */
		0484986E283EA2D400E95685 /* PBXTargetDependency */ = {
			isa = PBXTargetDependency;
			target = 0484985A283EA2C700E95685 /* ocado_challenge */;
			targetProxy = 0484986D283EA2D400E95685 /* PBXContainerItemProxy */;
		};
		04849879283EA2D400E95685 /* PBXTargetDependency */ = {
			isa = PBXTargetDependency;
			target = 0484985A283EA2C700E95685 /* ocado_challenge */;
			targetProxy = 04849878283EA2D400E95685 /* PBXContainerItemProxy */;
		};
/* End PBXTargetDependency section */

/* Begin XCBuildConfiguration section */
		0484987E283EA2D400E95685 /* Debug */ = {
			isa = XCBuildConfiguration;
			buildSettings = {
				ALWAYS_SEARCH_USER_PATHS = NO;
				CLANG_ANALYZER_NONNULL = YES;
				CLANG_ANALYZER_NUMBER_OBJECT_CONVERSION = YES_AGGRESSIVE;
				CLANG_CXX_LANGUAGE_STANDARD = "gnu++14";
				CLANG_CXX_LIBRARY = "libc++";
				CLANG_ENABLE_MODULES = YES;
				CLANG_ENABLE_OBJC_ARC = YES;
				CLANG_ENABLE_OBJC_WEAK = YES;
				CLANG_WARN_BLOCK_CAPTURE_AUTORELEASING = YES;
				CLANG_WARN_BOOL_CONVERSION = YES;
				CLANG_WARN_COMMA = YES;
				CLANG_WARN_CONSTANT_CONVERSION = YES;
				CLANG_WARN_DEPRECATED_OBJC_IMPLEMENTATIONS = YES;
				CLANG_WARN_DIRECT_OBJC_ISA_USAGE = YES_ERROR;
				CLANG_WARN_DOCUMENTATION_COMMENTS = YES;
				CLANG_WARN_EMPTY_BODY = YES;
				CLANG_WARN_ENUM_CONVERSION = YES;
				CLANG_WARN_INFINITE_RECURSION = YES;
				CLANG_WARN_INT_CONVERSION = YES;
				CLANG_WARN_NON_LITERAL_NULL_CONVERSION = YES;
				CLANG_WARN_OBJC_IMPLICIT_RETAIN_SELF = YES;
				CLANG_WARN_OBJC_LITERAL_CONVERSION = YES;
				CLANG_WARN_OBJC_ROOT_CLASS = YES_ERROR;
				CLANG_WARN_QUOTED_INCLUDE_IN_FRAMEWORK_HEADER = YES;
				CLANG_WARN_RANGE_LOOP_ANALYSIS = YES;
				CLANG_WARN_STRICT_PROTOTYPES = YES;
				CLANG_WARN_SUSPICIOUS_MOVE = YES;
				CLANG_WARN_UNGUARDED_AVAILABILITY = YES_AGGRESSIVE;
				CLANG_WARN_UNREACHABLE_CODE = YES;
				CLANG_WARN__DUPLICATE_METHOD_MATCH = YES;
				COPY_PHASE_STRIP = NO;
				DEBUG_INFORMATION_FORMAT = dwarf;
				ENABLE_STRICT_OBJC_MSGSEND = YES;
				ENABLE_TESTABILITY = YES;
				GCC_C_LANGUAGE_STANDARD = gnu11;
				GCC_DYNAMIC_NO_PIC = NO;
				GCC_NO_COMMON_BLOCKS = YES;
				GCC_OPTIMIZATION_LEVEL = 0;
				GCC_PREPROCESSOR_DEFINITIONS = (
					"DEBUG=1",
					"$(inherited)",
				);
				GCC_WARN_64_TO_32_BIT_CONVERSION = YES;
				GCC_WARN_ABOUT_RETURN_TYPE = YES_ERROR;
				GCC_WARN_UNDECLARED_SELECTOR = YES;
				GCC_WARN_UNINITIALIZED_AUTOS = YES_AGGRESSIVE;
				GCC_WARN_UNUSED_FUNCTION = YES;
				GCC_WARN_UNUSED_VARIABLE = YES;
				IPHONEOS_DEPLOYMENT_TARGET = 14.3;
				MTL_ENABLE_DEBUG_INFO = INCLUDE_SOURCE;
				MTL_FAST_MATH = YES;
				ONLY_ACTIVE_ARCH = YES;
				SDKROOT = iphoneos;
				SWIFT_ACTIVE_COMPILATION_CONDITIONS = DEBUG;
				SWIFT_OPTIMIZATION_LEVEL = "-Onone";
			};
			name = Debug;
		};
		0484987F283EA2D400E95685 /* Release */ = {
			isa = XCBuildConfiguration;
			buildSettings = {
				ALWAYS_SEARCH_USER_PATHS = NO;
				CLANG_ANALYZER_NONNULL = YES;
				CLANG_ANALYZER_NUMBER_OBJECT_CONVERSION = YES_AGGRESSIVE;
				CLANG_CXX_LANGUAGE_STANDARD = "gnu++14";
				CLANG_CXX_LIBRARY = "libc++";
				CLANG_ENABLE_MODULES = YES;
				CLANG_ENABLE_OBJC_ARC = YES;
				CLANG_ENABLE_OBJC_WEAK = YES;
				CLANG_WARN_BLOCK_CAPTURE_AUTORELEASING = YES;
				CLANG_WARN_BOOL_CONVERSION = YES;
				CLANG_WARN_COMMA = YES;
				CLANG_WARN_CONSTANT_CONVERSION = YES;
				CLANG_WARN_DEPRECATED_OBJC_IMPLEMENTATIONS = YES;
				CLANG_WARN_DIRECT_OBJC_ISA_USAGE = YES_ERROR;
				CLANG_WARN_DOCUMENTATION_COMMENTS = YES;
				CLANG_WARN_EMPTY_BODY = YES;
				CLANG_WARN_ENUM_CONVERSION = YES;
				CLANG_WARN_INFINITE_RECURSION = YES;
				CLANG_WARN_INT_CONVERSION = YES;
				CLANG_WARN_NON_LITERAL_NULL_CONVERSION = YES;
				CLANG_WARN_OBJC_IMPLICIT_RETAIN_SELF = YES;
				CLANG_WARN_OBJC_LITERAL_CONVERSION = YES;
				CLANG_WARN_OBJC_ROOT_CLASS = YES_ERROR;
				CLANG_WARN_QUOTED_INCLUDE_IN_FRAMEWORK_HEADER = YES;
				CLANG_WARN_RANGE_LOOP_ANALYSIS = YES;
				CLANG_WARN_STRICT_PROTOTYPES = YES;
				CLANG_WARN_SUSPICIOUS_MOVE = YES;
				CLANG_WARN_UNGUARDED_AVAILABILITY = YES_AGGRESSIVE;
				CLANG_WARN_UNREACHABLE_CODE = YES;
				CLANG_WARN__DUPLICATE_METHOD_MATCH = YES;
				COPY_PHASE_STRIP = NO;
				DEBUG_INFORMATION_FORMAT = "dwarf-with-dsym";
				ENABLE_NS_ASSERTIONS = NO;
				ENABLE_STRICT_OBJC_MSGSEND = YES;
				GCC_C_LANGUAGE_STANDARD = gnu11;
				GCC_NO_COMMON_BLOCKS = YES;
				GCC_WARN_64_TO_32_BIT_CONVERSION = YES;
				GCC_WARN_ABOUT_RETURN_TYPE = YES_ERROR;
				GCC_WARN_UNDECLARED_SELECTOR = YES;
				GCC_WARN_UNINITIALIZED_AUTOS = YES_AGGRESSIVE;
				GCC_WARN_UNUSED_FUNCTION = YES;
				GCC_WARN_UNUSED_VARIABLE = YES;
				IPHONEOS_DEPLOYMENT_TARGET = 14.3;
				MTL_ENABLE_DEBUG_INFO = NO;
				MTL_FAST_MATH = YES;
				SDKROOT = iphoneos;
				SWIFT_COMPILATION_MODE = wholemodule;
				SWIFT_OPTIMIZATION_LEVEL = "-O";
				VALIDATE_PRODUCT = YES;
			};
			name = Release;
		};
		04849881283EA2D400E95685 /* Debug */ = {
			isa = XCBuildConfiguration;
			buildSettings = {
				ASSETCATALOG_COMPILER_APPICON_NAME = AppIcon;
				ASSETCATALOG_COMPILER_GLOBAL_ACCENT_COLOR_NAME = AccentColor;
				CODE_SIGN_STYLE = Automatic;
				DEVELOPMENT_ASSET_PATHS = "\"ocado_challenge/Preview Content\"";
				DEVELOPMENT_TEAM = 7V6773B2EX;
				ENABLE_PREVIEWS = YES;
				INFOPLIST_FILE = ocado_challenge/Info.plist;
				IPHONEOS_DEPLOYMENT_TARGET = 14.0;
				LD_RUNPATH_SEARCH_PATHS = (
					"$(inherited)",
					"@executable_path/Frameworks",
				);
				PRODUCT_BUNDLE_IDENTIFIER = "com.ocado-challenge";
				PRODUCT_NAME = "$(TARGET_NAME)";
				SWIFT_VERSION = 5.0;
				TARGETED_DEVICE_FAMILY = "1,2";
			};
			name = Debug;
		};
		04849882283EA2D400E95685 /* Release */ = {
			isa = XCBuildConfiguration;
			buildSettings = {
				ASSETCATALOG_COMPILER_APPICON_NAME = AppIcon;
				ASSETCATALOG_COMPILER_GLOBAL_ACCENT_COLOR_NAME = AccentColor;
				CODE_SIGN_STYLE = Automatic;
				DEVELOPMENT_ASSET_PATHS = "\"ocado_challenge/Preview Content\"";
				DEVELOPMENT_TEAM = 7V6773B2EX;
				ENABLE_PREVIEWS = YES;
				INFOPLIST_FILE = ocado_challenge/Info.plist;
				IPHONEOS_DEPLOYMENT_TARGET = 14.0;
				LD_RUNPATH_SEARCH_PATHS = (
					"$(inherited)",
					"@executable_path/Frameworks",
				);
				PRODUCT_BUNDLE_IDENTIFIER = "com.ocado-challenge";
				PRODUCT_NAME = "$(TARGET_NAME)";
				SWIFT_VERSION = 5.0;
				TARGETED_DEVICE_FAMILY = "1,2";
			};
			name = Release;
		};
		04849884283EA2D400E95685 /* Debug */ = {
			isa = XCBuildConfiguration;
			buildSettings = {
				ALWAYS_EMBED_SWIFT_STANDARD_LIBRARIES = YES;
				BUNDLE_LOADER = "$(TEST_HOST)";
				CODE_SIGN_STYLE = Automatic;
				DEVELOPMENT_TEAM = 7V6773B2EX;
				INFOPLIST_FILE = ocado_challengeTests/Info.plist;
				IPHONEOS_DEPLOYMENT_TARGET = 14.0;
				LD_RUNPATH_SEARCH_PATHS = (
					"$(inherited)",
					"@executable_path/Frameworks",
					"@loader_path/Frameworks",
				);
				PRODUCT_BUNDLE_IDENTIFIER = "com.ocado-challengeTests";
				PRODUCT_NAME = "$(TARGET_NAME)";
				SWIFT_VERSION = 5.0;
				TARGETED_DEVICE_FAMILY = "1,2";
				TEST_HOST = "$(BUILT_PRODUCTS_DIR)/ocado_challenge.app/ocado_challenge";
			};
			name = Debug;
		};
		04849885283EA2D400E95685 /* Release */ = {
			isa = XCBuildConfiguration;
			buildSettings = {
				ALWAYS_EMBED_SWIFT_STANDARD_LIBRARIES = YES;
				BUNDLE_LOADER = "$(TEST_HOST)";
				CODE_SIGN_STYLE = Automatic;
				DEVELOPMENT_TEAM = 7V6773B2EX;
				INFOPLIST_FILE = ocado_challengeTests/Info.plist;
				IPHONEOS_DEPLOYMENT_TARGET = 14.0;
				LD_RUNPATH_SEARCH_PATHS = (
					"$(inherited)",
					"@executable_path/Frameworks",
					"@loader_path/Frameworks",
				);
				PRODUCT_BUNDLE_IDENTIFIER = "com.ocado-challengeTests";
				PRODUCT_NAME = "$(TARGET_NAME)";
				SWIFT_VERSION = 5.0;
				TARGETED_DEVICE_FAMILY = "1,2";
				TEST_HOST = "$(BUILT_PRODUCTS_DIR)/ocado_challenge.app/ocado_challenge";
			};
			name = Release;
		};
		04849887283EA2D400E95685 /* Debug */ = {
			isa = XCBuildConfiguration;
			buildSettings = {
				ALWAYS_EMBED_SWIFT_STANDARD_LIBRARIES = YES;
				CODE_SIGN_STYLE = Automatic;
				DEVELOPMENT_TEAM = 7V6773B2EX;
				INFOPLIST_FILE = ocado_challengeUITests/Info.plist;
				LD_RUNPATH_SEARCH_PATHS = (
					"$(inherited)",
					"@executable_path/Frameworks",
					"@loader_path/Frameworks",
				);
				PRODUCT_BUNDLE_IDENTIFIER = "com.ocado-challengeUITests";
				PRODUCT_NAME = "$(TARGET_NAME)";
				SWIFT_VERSION = 5.0;
				TARGETED_DEVICE_FAMILY = "1,2";
				TEST_TARGET_NAME = ocado_challenge;
			};
			name = Debug;
		};
		04849888283EA2D400E95685 /* Release */ = {
			isa = XCBuildConfiguration;
			buildSettings = {
				ALWAYS_EMBED_SWIFT_STANDARD_LIBRARIES = YES;
				CODE_SIGN_STYLE = Automatic;
				DEVELOPMENT_TEAM = 7V6773B2EX;
				INFOPLIST_FILE = ocado_challengeUITests/Info.plist;
				LD_RUNPATH_SEARCH_PATHS = (
					"$(inherited)",
					"@executable_path/Frameworks",
					"@loader_path/Frameworks",
				);
				PRODUCT_BUNDLE_IDENTIFIER = "com.ocado-challengeUITests";
				PRODUCT_NAME = "$(TARGET_NAME)";
				SWIFT_VERSION = 5.0;
				TARGETED_DEVICE_FAMILY = "1,2";
				TEST_TARGET_NAME = ocado_challenge;
			};
			name = Release;
		};
/* End XCBuildConfiguration section */

/* Begin XCConfigurationList section */
		04849856283EA2C700E95685 /* Build configuration list for PBXProject "ocado_challenge" */ = {
			isa = XCConfigurationList;
			buildConfigurations = (
				0484987E283EA2D400E95685 /* Debug */,
				0484987F283EA2D400E95685 /* Release */,
			);
			defaultConfigurationIsVisible = 0;
			defaultConfigurationName = Release;
		};
		04849880283EA2D400E95685 /* Build configuration list for PBXNativeTarget "ocado_challenge" */ = {
			isa = XCConfigurationList;
			buildConfigurations = (
				04849881283EA2D400E95685 /* Debug */,
				04849882283EA2D400E95685 /* Release */,
			);
			defaultConfigurationIsVisible = 0;
			defaultConfigurationName = Release;
		};
		04849883283EA2D400E95685 /* Build configuration list for PBXNativeTarget "ocado_challengeTests" */ = {
			isa = XCConfigurationList;
			buildConfigurations = (
				04849884283EA2D400E95685 /* Debug */,
				04849885283EA2D400E95685 /* Release */,
			);
			defaultConfigurationIsVisible = 0;
			defaultConfigurationName = Release;
		};
		04849886283EA2D400E95685 /* Build configuration list for PBXNativeTarget "ocado_challengeUITests" */ = {
			isa = XCConfigurationList;
			buildConfigurations = (
				04849887283EA2D400E95685 /* Debug */,
				04849888283EA2D400E95685 /* Release */,
			);
			defaultConfigurationIsVisible = 0;
			defaultConfigurationName = Release;
		};
/* End XCConfigurationList section */
	};
	rootObject = 04849853283EA2C700E95685 /* Project object */;
}
